# -------------------------------------------------------------------------- #
#
# Copyright (C) 2018  Intel Corporation. All rights reserved.
# Your use of Intel Corporation's design tools, logic functions 
# and other software and tools, and its AMPP partner logic 
# functions, and any output files from any of the foregoing 
# (including device programming or simulation files), and any 
# associated documentation or information are expressly subject 
# to the terms and conditions of the Intel Program License 
# Subscription Agreement, the Intel Quartus Prime License Agreement,
# the Intel FPGA IP License Agreement, or other applicable license
# agreement, including, without limitation, that your use is for
# the sole purpose of programming logic devices manufactured by
# Intel and sold by Intel or its authorized distributors.  Please
# refer to the applicable agreement for further details.
#
# -------------------------------------------------------------------------- #
#
# Quartus Prime
# Version 18.1.0 Build 625 09/12/2018 SJ Lite Edition
# Date created = 17:57:24  May 15, 2025
#
# -------------------------------------------------------------------------- #
#
# Notes:
#
# 1) The default values for assignments are stored in the file:
#		reloj_soc_assignment_defaults.qdf
#    If this file doesn't exist, see file:
#		assignment_defaults.qdf
#
# 2) Altera recommends that you do not modify this file. This
#    file is updated automatically by the Quartus Prime software
#    and any changes you make may be lost or overwritten.
#
# -------------------------------------------------------------------------- #


set_global_assignment -name FAMILY "Cyclone V"
set_global_assignment -name DEVICE 5CSEMA5F31C6
set_global_assignment -name TOP_LEVEL_ENTITY audio_player_top
set_global_assignment -name ORIGINAL_QUARTUS_VERSION 18.1.0
set_global_assignment -name PROJECT_CREATION_TIME_DATE "17:57:24  MAY 15, 2025"
set_global_assignment -name LAST_QUARTUS_VERSION "18.1.0 Lite Edition"
set_global_assignment -name PROJECT_OUTPUT_DIRECTORY output_files
set_global_assignment -name BOARD "DE1-SoC Board"
set_global_assignment -name MIN_CORE_JUNCTION_TEMP 0
set_global_assignment -name MAX_CORE_JUNCTION_TEMP 85
set_global_assignment -name POWER_PRESET_COOLING_SOLUTION "23 MM HEAT SINK WITH 200 LFPM AIRFLOW"
set_global_assignment -name POWER_BOARD_THERMAL_MODEL "NONE (CONSERVATIVE)"
set_global_assignment -name PARTITION_NETLIST_TYPE SOURCE -section_id Top
set_global_assignment -name PARTITION_FITTER_PRESERVATION_LEVEL PLACEMENT_AND_ROUTING -section_id Top
set_global_assignment -name PARTITION_COLOR 16764057 -section_id Top
set_location_assignment PIN_H7 -to audio_BCLK
set_location_assignment PIN_J7 -to audio_DACDAT
set_location_assignment PIN_H8 -to audio_DACLRCK
set_location_assignment PIN_K12 -to config_SDAT
set_location_assignment PIN_J12 -to config_SCLK
set_location_assignment PIN_AA30 -to rst
set_location_assignment PIN_AA14 -to buttons[0]
set_location_assignment PIN_AA15 -to buttons[1]
set_location_assignment PIN_W15 -to buttons[2]
set_location_assignment PIN_Y16 -to buttons[3]
set_location_assignment PIN_AF14 -to clk
set_location_assignment PIN_V16 -to leds[0]
set_location_assignment PIN_W16 -to leds[1]
set_location_assignment PIN_V17 -to leds[2]
set_location_assignment PIN_V18 -to leds[3]
set_location_assignment PIN_W17 -to leds[4]
set_location_assignment PIN_W19 -to leds[5]
set_location_assignment PIN_Y19 -to leds[6]
set_location_assignment PIN_W20 -to leds[7]
set_global_assignment -name VERILOG_FILE audio_player_top.v
set_global_assignment -name QIP_FILE reloj_soc/synthesis/reloj_soc.qip
set_global_assignment -name SYSTEMVERILOG_FILE audio_player_top_tb.sv
set_location_assignment PIN_AB22 -to segments[0]
set_location_assignment PIN_AB28 -to segments[2]
set_location_assignment PIN_AB25 -to segments[1]
set_location_assignment PIN_AC25 -to segments[3]
set_location_assignment PIN_AD25 -to segments[4]
set_location_assignment PIN_AC27 -to segments[5]
set_location_assignment PIN_AD26 -to segments[6]
set_location_assignment PIN_AC30 -to segments[7]
set_location_assignment PIN_AC29 -to segments[8]
set_location_assignment PIN_AD30 -to segments[9]
set_location_assignment PIN_AC28 -to segments[10]
set_location_assignment PIN_AD29 -to segments[11]
set_location_assignment PIN_AE29 -to segments[12]
set_location_assignment PIN_AB23 -to segments[13]
set_location_assignment PIN_AD27 -to segments[14]
set_location_assignment PIN_AF30 -to segments[15]
set_location_assignment PIN_AF29 -to segments[16]
set_location_assignment PIN_AG30 -to segments[17]
set_location_assignment PIN_AH30 -to segments[18]
set_location_assignment PIN_AH29 -to segments[19]
set_location_assignment PIN_AJ29 -to segments[20]
set_location_assignment PIN_AH28 -to segments[21]
set_location_assignment PIN_AG28 -to segments[22]
set_location_assignment PIN_AF28 -to segments[23]
set_location_assignment PIN_AG27 -to segments[24]
set_location_assignment PIN_AE28 -to segments[25]
set_location_assignment PIN_AE27 -to segments[26]
set_location_assignment PIN_AE26 -to segments[27]
set_instance_assignment -name PARTITION_HIERARCHY root_partition -to | -section_id Top